
Microsoft Visual Studio Solution File, Format Version 12.00
# Visual Studio Version 16
VisualStudioVersion = 16.0.29911.84
MinimumVisualStudioVersion = 10.0.40219.1
Project("{9A19103F-16F7-4668-BE54-9A1E7A4F7556}") = "Nzh.Master", "Nzh.Master\Nzh.Master.csproj", "{0A94592C-43DE-4720-B4A4-D510A9B15DE0}"
EndProject
Project("{9A19103F-16F7-4668-BE54-9A1E7A4F7556}") = "Nzh.Master.Common", "Nzh.Master.Common\Nzh.Master.Common.csproj", "{446AD27C-5F8A-4703-9BCA-F00C85E31917}"
EndProject
Project("{9A19103F-16F7-4668-BE54-9A1E7A4F7556}") = "Nzh.Master.IRepository", "Nzh.Master.IRepository\Nzh.Master.IRepository.csproj", "{FA1F7B0A-57C6-48C5-ADE0-466E7366F9DF}"
EndProject
Project("{9A19103F-16F7-4668-BE54-9A1E7A4F7556}") = "Nzh.Master.IService", "Nzh.Master.IService\Nzh.Master.IService.csproj", "{59085741-DB53-42F3-9314-2890652824DA}"
EndProject
Project("{9A19103F-16F7-4668-BE54-9A1E7A4F7556}") = "Nzh.Master.Model", "Nzh.Master.Model\Nzh.Master.Model.csproj", "{357ED0D6-F71C-4664-8B5C-9950F146B41D}"
EndProject
Project("{9A19103F-16F7-4668-BE54-9A1E7A4F7556}") = "Nzh.Master.Repository", "Nzh.Master.Repository\Nzh.Master.Repository.csproj", "{EA0123FF-0DF2-4EF4-97C7-25B7E07CC871}"
EndProject
Project("{9A19103F-16F7-4668-BE54-9A1E7A4F7556}") = "Nzh.Master.Service", "Nzh.Master.Service\Nzh.Master.Service.csproj", "{C48584D1-9692-477C-A9CF-791FEEB84E0F}"
EndProject
Project("{9A19103F-16F7-4668-BE54-9A1E7A4F7556}") = "Nzh.Master.Extension", "Nzh.Master.Extension\Nzh.Master.Extension.csproj", "{4ECB764A-3220-4103-9C69-9D980ACD5897}"
EndProject
Project("{FAE04EC0-301F-11D3-BF4B-00C04F79EFBC}") = "Nzh.Master.Dto", "Nzh.Master.Dto\Nzh.Master.Dto.csproj", "{4F8A392B-CF18-4D41-B42D-006497EE5E6D}"
EndProject
Project("{FAE04EC0-301F-11D3-BF4B-00C04F79EFBC}") = "Nzh.Master.Web", "Nzh.Master.Web\Nzh.Master.Web.csproj", "{C569C31B-F425-497D-9B8C-65B7B1602DFF}"
EndProject
Global
	GlobalSection(SolutionConfigurationPlatforms) = preSolution
		Debug|Any CPU = Debug|Any CPU
		Release|Any CPU = Release|Any CPU
	EndGlobalSection
	GlobalSection(ProjectConfigurationPlatforms) = postSolution
		{0A94592C-43DE-4720-B4A4-D510A9B15DE0}.Debug|Any CPU.ActiveCfg = Debug|Any CPU
		{0A94592C-43DE-4720-B4A4-D510A9B15DE0}.Debug|Any CPU.Build.0 = Debug|Any CPU
		{0A94592C-43DE-4720-B4A4-D510A9B15DE0}.Release|Any CPU.ActiveCfg = Release|Any CPU
		{0A94592C-43DE-4720-B4A4-D510A9B15DE0}.Release|Any CPU.Build.0 = Release|Any CPU
		{446AD27C-5F8A-4703-9BCA-F00C85E31917}.Debug|Any CPU.ActiveCfg = Debug|Any CPU
		{446AD27C-5F8A-4703-9BCA-F00C85E31917}.Debug|Any CPU.Build.0 = Debug|Any CPU
		{446AD27C-5F8A-4703-9BCA-F00C85E31917}.Release|Any CPU.ActiveCfg = Release|Any CPU
		{446AD27C-5F8A-4703-9BCA-F00C85E31917}.Release|Any CPU.Build.0 = Release|Any CPU
		{FA1F7B0A-57C6-48C5-ADE0-466E7366F9DF}.Debug|Any CPU.ActiveCfg = Debug|Any CPU
		{FA1F7B0A-57C6-48C5-ADE0-466E7366F9DF}.Debug|Any CPU.Build.0 = Debug|Any CPU
		{FA1F7B0A-57C6-48C5-ADE0-466E7366F9DF}.Release|Any CPU.ActiveCfg = Release|Any CPU
		{FA1F7B0A-57C6-48C5-ADE0-466E7366F9DF}.Release|Any CPU.Build.0 = Release|Any CPU
		{59085741-DB53-42F3-9314-2890652824DA}.Debug|Any CPU.ActiveCfg = Debug|Any CPU
		{59085741-DB53-42F3-9314-2890652824DA}.Debug|Any CPU.Build.0 = Debug|Any CPU
		{59085741-DB53-42F3-9314-2890652824DA}.Release|Any CPU.ActiveCfg = Release|Any CPU
		{59085741-DB53-42F3-9314-2890652824DA}.Release|Any CPU.Build.0 = Release|Any CPU
		{357ED0D6-F71C-4664-8B5C-9950F146B41D}.Debug|Any CPU.ActiveCfg = Debug|Any CPU
		{357ED0D6-F71C-4664-8B5C-9950F146B41D}.Debug|Any CPU.Build.0 = Debug|Any CPU
		{357ED0D6-F71C-4664-8B5C-9950F146B41D}.Release|Any CPU.ActiveCfg = Release|Any CPU
		{357ED0D6-F71C-4664-8B5C-9950F146B41D}.Release|Any CPU.Build.0 = Release|Any CPU
		{EA0123FF-0DF2-4EF4-97C7-25B7E07CC871}.Debug|Any CPU.ActiveCfg = Debug|Any CPU
		{EA0123FF-0DF2-4EF4-97C7-25B7E07CC871}.Debug|Any CPU.Build.0 = Debug|Any CPU
		{EA0123FF-0DF2-4EF4-97C7-25B7E07CC871}.Release|Any CPU.ActiveCfg = Release|Any CPU
		{EA0123FF-0DF2-4EF4-97C7-25B7E07CC871}.Release|Any CPU.Build.0 = Release|Any CPU
		{C48584D1-9692-477C-A9CF-791FEEB84E0F}.Debug|Any CPU.ActiveCfg = Debug|Any CPU
		{C48584D1-9692-477C-A9CF-791FEEB84E0F}.Debug|Any CPU.Build.0 = Debug|Any CPU
		{C48584D1-9692-477C-A9CF-791FEEB84E0F}.Release|Any CPU.ActiveCfg = Release|Any CPU
		{C48584D1-9692-477C-A9CF-791FEEB84E0F}.Release|Any CPU.Build.0 = Release|Any CPU
		{4ECB764A-3220-4103-9C69-9D980ACD5897}.Debug|Any CPU.ActiveCfg = Debug|Any CPU
		{4ECB764A-3220-4103-9C69-9D980ACD5897}.Debug|Any CPU.Build.0 = Debug|Any CPU
		{4ECB764A-3220-4103-9C69-9D980ACD5897}.Release|Any CPU.ActiveCfg = Release|Any CPU
		{4ECB764A-3220-4103-9C69-9D980ACD5897}.Release|Any CPU.Build.0 = Release|Any CPU
		{4F8A392B-CF18-4D41-B42D-006497EE5E6D}.Debug|Any CPU.ActiveCfg = Debug|Any CPU
		{4F8A392B-CF18-4D41-B42D-006497EE5E6D}.Debug|Any CPU.Build.0 = Debug|Any CPU
		{4F8A392B-CF18-4D41-B42D-006497EE5E6D}.Release|Any CPU.ActiveCfg = Release|Any CPU
		{4F8A392B-CF18-4D41-B42D-006497EE5E6D}.Release|Any CPU.Build.0 = Release|Any CPU
		{C569C31B-F425-497D-9B8C-65B7B1602DFF}.Debug|Any CPU.ActiveCfg = Debug|Any CPU
		{C569C31B-F425-497D-9B8C-65B7B1602DFF}.Debug|Any CPU.Build.0 = Debug|Any CPU
		{C569C31B-F425-497D-9B8C-65B7B1602DFF}.Release|Any CPU.ActiveCfg = Release|Any CPU
		{C569C31B-F425-497D-9B8C-65B7B1602DFF}.Release|Any CPU.Build.0 = Release|Any CPU
	EndGlobalSection
	GlobalSection(SolutionProperties) = preSolution
		HideSolutionNode = FALSE
	EndGlobalSection
	GlobalSection(ExtensibilityGlobals) = postSolution
		SolutionGuid = {DA918B65-9BDA-4046-8D82-6359F5EFA23B}
	EndGlobalSection
EndGlobal
